
Microsoft Visual Studio Solution File, Format Version 12.00
# Visual Studio 15
VisualStudioVersion = 15.0.27130.2010
MinimumVisualStudioVersion = 10.0.40219.1
Project("{FAE04EC0-301F-11D3-BF4B-00C04F79EFBC}") = "outliers", "outliers\outliers.csproj", "{236FC9E4-4D35-49A2-8EC8-64B6629F5D63}"
EndProject
Project("{FAE04EC0-301F-11D3-BF4B-00C04F79EFBC}") = "outliers.Test", "outliers.Test\outliers.Test.csproj", "{AE2B8E31-E48C-4E6E-B397-5D881FDB505A}"
EndProject
Global
	GlobalSection(SolutionConfigurationPlatforms) = preSolution
		Debug|Any CPU = Debug|Any CPU
		Release|Any CPU = Release|Any CPU
	EndGlobalSection
	GlobalSection(ProjectConfigurationPlatforms) = postSolution
		{236FC9E4-4D35-49A2-8EC8-64B6629F5D63}.Debug|Any CPU.ActiveCfg = Debug|Any CPU
		{236FC9E4-4D35-49A2-8EC8-64B6629F5D63}.Debug|Any CPU.Build.0 = Debug|Any CPU
		{236FC9E4-4D35-49A2-8EC8-64B6629F5D63}.Release|Any CPU.ActiveCfg = Release|Any CPU
		{236FC9E4-4D35-49A2-8EC8-64B6629F5D63}.Release|Any CPU.Build.0 = Release|Any CPU
		{AE2B8E31-E48C-4E6E-B397-5D881FDB505A}.Debug|Any CPU.ActiveCfg = Debug|Any CPU
		{AE2B8E31-E48C-4E6E-B397-5D881FDB505A}.Debug|Any CPU.Build.0 = Debug|Any CPU
		{AE2B8E31-E48C-4E6E-B397-5D881FDB505A}.Release|Any CPU.ActiveCfg = Release|Any CPU
		{AE2B8E31-E48C-4E6E-B397-5D881FDB505A}.Release|Any CPU.Build.0 = Release|Any CPU
	EndGlobalSection
	GlobalSection(SolutionProperties) = preSolution
		HideSolutionNode = FALSE
	EndGlobalSection
	GlobalSection(ExtensibilityGlobals) = postSolution
		SolutionGuid = {D903796E-F3EF-4688-8BED-08B7E84D8A1A}
	EndGlobalSection
EndGlobal
